// !$*UTF8*$!
{
	archiveVersion = 1;
	classes = {
	};
	objectVersion = 50;
	objects = {

/* Begin PBXBuildFile section */
		0F0785F30E5F843E95494C55 /* Pods_RHS_APP.framework in Frameworks */ = {isa = PBXBuildFile; fileRef = 33DAA8AD8E8C0413C66FD473 /* Pods_RHS_APP.framework */; };
		BDAA361A9F5B4A6F3A711CFB /* Pods_RHS_APPUITests.framework in Frameworks */ = {isa = PBXBuildFile; fileRef = 07A8B00FD978B3268FC391F9 /* Pods_RHS_APPUITests.framework */; };
		D57080786765C1565C45B334 /* Pods_RHS_APPTests.framework in Frameworks */ = {isa = PBXBuildFile; fileRef = D2EC3F6CFE0C28286F68E600 /* Pods_RHS_APPTests.framework */; };
		DB3ECE7E20C5BA340035CAFA /* Assets.xcassets in Resources */ = {isa = PBXBuildFile; fileRef = DB5FFFC720C1EC88008A7583 /* Assets.xcassets */; };
		DB3ECE7F20C5BA340035CAFA /* Assets.xcassets in Resources */ = {isa = PBXBuildFile; fileRef = DB5FFFC720C1EC88008A7583 /* Assets.xcassets */; };
		DB5FFFC120C1EC87008A7583 /* AppDelegate.swift in Sources */ = {isa = PBXBuildFile; fileRef = DB5FFFC020C1EC87008A7583 /* AppDelegate.swift */; };
		DB5FFFC320C1EC87008A7583 /* ViewController.swift in Sources */ = {isa = PBXBuildFile; fileRef = DB5FFFC220C1EC87008A7583 /* ViewController.swift */; };
		DB5FFFC620C1EC87008A7583 /* Main.storyboard in Resources */ = {isa = PBXBuildFile; fileRef = DB5FFFC420C1EC87008A7583 /* Main.storyboard */; };
		DB5FFFC820C1EC88008A7583 /* Assets.xcassets in Resources */ = {isa = PBXBuildFile; fileRef = DB5FFFC720C1EC88008A7583 /* Assets.xcassets */; };
		DB5FFFCB20C1EC88008A7583 /* LaunchScreen.storyboard in Resources */ = {isa = PBXBuildFile; fileRef = DB5FFFC920C1EC88008A7583 /* LaunchScreen.storyboard */; };
		DB5FFFD620C1EC88008A7583 /* RHS_APPTests.swift in Sources */ = {isa = PBXBuildFile; fileRef = DB5FFFD520C1EC88008A7583 /* RHS_APPTests.swift */; };
		DB5FFFE120C1EC88008A7583 /* RHS_APPUITests.swift in Sources */ = {isa = PBXBuildFile; fileRef = DB5FFFE020C1EC88008A7583 /* RHS_APPUITests.swift */; };
/* End PBXBuildFile section */

/* Begin PBXContainerItemProxy section */
		DB5FFFD220C1EC88008A7583 /* PBXContainerItemProxy */ = {
			isa = PBXContainerItemProxy;
			containerPortal = DB5FFFB520C1EC87008A7583 /* Project object */;
			proxyType = 1;
			remoteGlobalIDString = DB5FFFBC20C1EC87008A7583;
			remoteInfo = "RHS-APP";
		};
		DB5FFFDD20C1EC88008A7583 /* PBXContainerItemProxy */ = {
			isa = PBXContainerItemProxy;
			containerPortal = DB5FFFB520C1EC87008A7583 /* Project object */;
			proxyType = 1;
			remoteGlobalIDString = DB5FFFBC20C1EC87008A7583;
			remoteInfo = "RHS-APP";
		};
/* End PBXContainerItemProxy section */

/* Begin PBXFileReference section */
		07A8B00FD978B3268FC391F9 /* Pods_RHS_APPUITests.framework */ = {isa = PBXFileReference; explicitFileType = wrapper.framework; includeInIndex = 0; path = Pods_RHS_APPUITests.framework; sourceTree = BUILT_PRODUCTS_DIR; };
		1FCA443EB79FA72C2D274AD8 /* Pods-RHS-APPTests.debug.xcconfig */ = {isa = PBXFileReference; includeInIndex = 1; lastKnownFileType = text.xcconfig; name = "Pods-RHS-APPTests.debug.xcconfig"; path = "Pods/Target Support Files/Pods-RHS-APPTests/Pods-RHS-APPTests.debug.xcconfig"; sourceTree = "<group>"; };
		33DAA8AD8E8C0413C66FD473 /* Pods_RHS_APP.framework */ = {isa = PBXFileReference; explicitFileType = wrapper.framework; includeInIndex = 0; path = Pods_RHS_APP.framework; sourceTree = BUILT_PRODUCTS_DIR; };
		54D0B590CEF2EFC782563A44 /* Pods-RHS-APP.release.xcconfig */ = {isa = PBXFileReference; includeInIndex = 1; lastKnownFileType = text.xcconfig; name = "Pods-RHS-APP.release.xcconfig"; path = "Pods/Target Support Files/Pods-RHS-APP/Pods-RHS-APP.release.xcconfig"; sourceTree = "<group>"; };
		58F30F7DC509E95FEA83D685 /* Pods-RHS-APPUITests.debug.xcconfig */ = {isa = PBXFileReference; includeInIndex = 1; lastKnownFileType = text.xcconfig; name = "Pods-RHS-APPUITests.debug.xcconfig"; path = "Pods/Target Support Files/Pods-RHS-APPUITests/Pods-RHS-APPUITests.debug.xcconfig"; sourceTree = "<group>"; };
		A1EE0C232B041CAEA7BA2F1C /* Pods-RHS-APPUITests.release.xcconfig */ = {isa = PBXFileReference; includeInIndex = 1; lastKnownFileType = text.xcconfig; name = "Pods-RHS-APPUITests.release.xcconfig"; path = "Pods/Target Support Files/Pods-RHS-APPUITests/Pods-RHS-APPUITests.release.xcconfig"; sourceTree = "<group>"; };
		CFD98623FC6B6B09E64E3A8F /* Pods-RHS-APPTests.release.xcconfig */ = {isa = PBXFileReference; includeInIndex = 1; lastKnownFileType = text.xcconfig; name = "Pods-RHS-APPTests.release.xcconfig"; path = "Pods/Target Support Files/Pods-RHS-APPTests/Pods-RHS-APPTests.release.xcconfig"; sourceTree = "<group>"; };
		D2EC3F6CFE0C28286F68E600 /* Pods_RHS_APPTests.framework */ = {isa = PBXFileReference; explicitFileType = wrapper.framework; includeInIndex = 0; path = Pods_RHS_APPTests.framework; sourceTree = BUILT_PRODUCTS_DIR; };
		D6487833CB8BE6A4182CEC34 /* Pods-RHS-APP.debug.xcconfig */ = {isa = PBXFileReference; includeInIndex = 1; lastKnownFileType = text.xcconfig; name = "Pods-RHS-APP.debug.xcconfig"; path = "Pods/Target Support Files/Pods-RHS-APP/Pods-RHS-APP.debug.xcconfig"; sourceTree = "<group>"; };
		DB5FFFBD20C1EC87008A7583 /* RHS-APP.app */ = {isa = PBXFileReference; explicitFileType = wrapper.application; includeInIndex = 0; path = "RHS-APP.app"; sourceTree = BUILT_PRODUCTS_DIR; };
		DB5FFFC020C1EC87008A7583 /* AppDelegate.swift */ = {isa = PBXFileReference; lastKnownFileType = sourcecode.swift; path = AppDelegate.swift; sourceTree = "<group>"; };
		DB5FFFC220C1EC87008A7583 /* ViewController.swift */ = {isa = PBXFileReference; lastKnownFileType = sourcecode.swift; path = ViewController.swift; sourceTree = "<group>"; };
		DB5FFFC520C1EC87008A7583 /* Base */ = {isa = PBXFileReference; lastKnownFileType = file.storyboard; name = Base; path = Base.lproj/Main.storyboard; sourceTree = "<group>"; };
		DB5FFFC720C1EC88008A7583 /* Assets.xcassets */ = {isa = PBXFileReference; lastKnownFileType = folder.assetcatalog; path = Assets.xcassets; sourceTree = "<group>"; };
		DB5FFFCA20C1EC88008A7583 /* Base */ = {isa = PBXFileReference; lastKnownFileType = file.storyboard; name = Base; path = Base.lproj/LaunchScreen.storyboard; sourceTree = "<group>"; };
		DB5FFFCC20C1EC88008A7583 /* Info.plist */ = {isa = PBXFileReference; lastKnownFileType = text.plist.xml; path = Info.plist; sourceTree = "<group>"; };
		DB5FFFD120C1EC88008A7583 /* RHS-APPTests.xctest */ = {isa = PBXFileReference; explicitFileType = wrapper.cfbundle; includeInIndex = 0; path = "RHS-APPTests.xctest"; sourceTree = BUILT_PRODUCTS_DIR; };
		DB5FFFD520C1EC88008A7583 /* RHS_APPTests.swift */ = {isa = PBXFileReference; lastKnownFileType = sourcecode.swift; path = RHS_APPTests.swift; sourceTree = "<group>"; };
		DB5FFFD720C1EC88008A7583 /* Info.plist */ = {isa = PBXFileReference; lastKnownFileType = text.plist.xml; path = Info.plist; sourceTree = "<group>"; };
		DB5FFFDC20C1EC88008A7583 /* RHS-APPUITests.xctest */ = {isa = PBXFileReference; explicitFileType = wrapper.cfbundle; includeInIndex = 0; path = "RHS-APPUITests.xctest"; sourceTree = BUILT_PRODUCTS_DIR; };
		DB5FFFE020C1EC88008A7583 /* RHS_APPUITests.swift */ = {isa = PBXFileReference; lastKnownFileType = sourcecode.swift; path = RHS_APPUITests.swift; sourceTree = "<group>"; };
		DB5FFFE220C1EC88008A7583 /* Info.plist */ = {isa = PBXFileReference; lastKnownFileType = text.plist.xml; path = Info.plist; sourceTree = "<group>"; };
/* End PBXFileReference section */

/* Begin PBXFrameworksBuildPhase section */
		DB5FFFBA20C1EC87008A7583 /* Frameworks */ = {
			isa = PBXFrameworksBuildPhase;
			buildActionMask = 2147483647;
			files = (
				0F0785F30E5F843E95494C55 /* Pods_RHS_APP.framework in Frameworks */,
			);
			runOnlyForDeploymentPostprocessing = 0;
		};
		DB5FFFCE20C1EC88008A7583 /* Frameworks */ = {
			isa = PBXFrameworksBuildPhase;
			buildActionMask = 2147483647;
			files = (
				D57080786765C1565C45B334 /* Pods_RHS_APPTests.framework in Frameworks */,
			);
			runOnlyForDeploymentPostprocessing = 0;
		};
		DB5FFFD920C1EC88008A7583 /* Frameworks */ = {
			isa = PBXFrameworksBuildPhase;
			buildActionMask = 2147483647;
			files = (
				BDAA361A9F5B4A6F3A711CFB /* Pods_RHS_APPUITests.framework in Frameworks */,
			);
			runOnlyForDeploymentPostprocessing = 0;
		};
/* End PBXFrameworksBuildPhase section */

/* Begin PBXGroup section */
		0287FA716841C4D37992569E /* Pods */ = {
			isa = PBXGroup;
			children = (
				D6487833CB8BE6A4182CEC34 /* Pods-RHS-APP.debug.xcconfig */,
				54D0B590CEF2EFC782563A44 /* Pods-RHS-APP.release.xcconfig */,
				1FCA443EB79FA72C2D274AD8 /* Pods-RHS-APPTests.debug.xcconfig */,
				CFD98623FC6B6B09E64E3A8F /* Pods-RHS-APPTests.release.xcconfig */,
				58F30F7DC509E95FEA83D685 /* Pods-RHS-APPUITests.debug.xcconfig */,
				A1EE0C232B041CAEA7BA2F1C /* Pods-RHS-APPUITests.release.xcconfig */,
			);
			name = Pods;
			sourceTree = "<group>";
		};
		DB5FFFB420C1EC87008A7583 = {
			isa = PBXGroup;
			children = (
				DB5FFFBF20C1EC87008A7583 /* RHS-APP */,
				DB5FFFD420C1EC88008A7583 /* RHS-APPTests */,
				DB5FFFDF20C1EC88008A7583 /* RHS-APPUITests */,
				DB5FFFBE20C1EC87008A7583 /* Products */,
				0287FA716841C4D37992569E /* Pods */,
				DF38E0DF806F44340B11C67E /* Frameworks */,
			);
			sourceTree = "<group>";
		};
		DB5FFFBE20C1EC87008A7583 /* Products */ = {
			isa = PBXGroup;
			children = (
				DB5FFFBD20C1EC87008A7583 /* RHS-APP.app */,
				DB5FFFD120C1EC88008A7583 /* RHS-APPTests.xctest */,
				DB5FFFDC20C1EC88008A7583 /* RHS-APPUITests.xctest */,
			);
			name = Products;
			sourceTree = "<group>";
		};
		DB5FFFBF20C1EC87008A7583 /* RHS-APP */ = {
			isa = PBXGroup;
			children = (
				DB5FFFC020C1EC87008A7583 /* AppDelegate.swift */,
				DB5FFFC220C1EC87008A7583 /* ViewController.swift */,
				DB5FFFC420C1EC87008A7583 /* Main.storyboard */,
				DB5FFFC720C1EC88008A7583 /* Assets.xcassets */,
				DB5FFFC920C1EC88008A7583 /* LaunchScreen.storyboard */,
				DB5FFFCC20C1EC88008A7583 /* Info.plist */,
			);
			path = "RHS-APP";
			sourceTree = "<group>";
		};
		DB5FFFD420C1EC88008A7583 /* RHS-APPTests */ = {
			isa = PBXGroup;
			children = (
				DB5FFFD520C1EC88008A7583 /* RHS_APPTests.swift */,
				DB5FFFD720C1EC88008A7583 /* Info.plist */,
			);
			path = "RHS-APPTests";
			sourceTree = "<group>";
		};
		DB5FFFDF20C1EC88008A7583 /* RHS-APPUITests */ = {
			isa = PBXGroup;
			children = (
				DB5FFFE020C1EC88008A7583 /* RHS_APPUITests.swift */,
				DB5FFFE220C1EC88008A7583 /* Info.plist */,
			);
			path = "RHS-APPUITests";
			sourceTree = "<group>";
		};
		DF38E0DF806F44340B11C67E /* Frameworks */ = {
			isa = PBXGroup;
			children = (
				33DAA8AD8E8C0413C66FD473 /* Pods_RHS_APP.framework */,
				D2EC3F6CFE0C28286F68E600 /* Pods_RHS_APPTests.framework */,
				07A8B00FD978B3268FC391F9 /* Pods_RHS_APPUITests.framework */,
			);
			name = Frameworks;
			sourceTree = "<group>";
		};
/* End PBXGroup section */

/* Begin PBXNativeTarget section */
		DB5FFFBC20C1EC87008A7583 /* RHS-APP */ = {
			isa = PBXNativeTarget;
			buildConfigurationList = DB5FFFE520C1EC88008A7583 /* Build configuration list for PBXNativeTarget "RHS-APP" */;
			buildPhases = (
				1A6A0B79423820DE424CF4C2 /* [CP] Check Pods Manifest.lock */,
				DB5FFFB920C1EC87008A7583 /* Sources */,
				DB5FFFBA20C1EC87008A7583 /* Frameworks */,
				DB5FFFBB20C1EC87008A7583 /* Resources */,
				F625C60BAA8B04110226B615 /* [CP] Embed Pods Frameworks */,
			);
			buildRules = (
			);
			dependencies = (
			);
			name = "RHS-APP";
			productName = "RHS-APP";
			productReference = DB5FFFBD20C1EC87008A7583 /* RHS-APP.app */;
			productType = "com.apple.product-type.application";
		};
		DB5FFFD020C1EC88008A7583 /* RHS-APPTests */ = {
			isa = PBXNativeTarget;
			buildConfigurationList = DB5FFFE820C1EC88008A7583 /* Build configuration list for PBXNativeTarget "RHS-APPTests" */;
			buildPhases = (
				343956B919AF92CA92FF92C1 /* [CP] Check Pods Manifest.lock */,
				DB5FFFCD20C1EC88008A7583 /* Sources */,
				DB5FFFCE20C1EC88008A7583 /* Frameworks */,
				DB5FFFCF20C1EC88008A7583 /* Resources */,
			);
			buildRules = (
			);
			dependencies = (
				DB5FFFD320C1EC88008A7583 /* PBXTargetDependency */,
			);
			name = "RHS-APPTests";
			productName = "RHS-APPTests";
			productReference = DB5FFFD120C1EC88008A7583 /* RHS-APPTests.xctest */;
			productType = "com.apple.product-type.bundle.unit-test";
		};
		DB5FFFDB20C1EC88008A7583 /* RHS-APPUITests */ = {
			isa = PBXNativeTarget;
			buildConfigurationList = DB5FFFEB20C1EC88008A7583 /* Build configuration list for PBXNativeTarget "RHS-APPUITests" */;
			buildPhases = (
				A4B7A6EA37E859EDCCDD69F0 /* [CP] Check Pods Manifest.lock */,
				DB5FFFD820C1EC88008A7583 /* Sources */,
				DB5FFFD920C1EC88008A7583 /* Frameworks */,
				DB5FFFDA20C1EC88008A7583 /* Resources */,
			);
			buildRules = (
			);
			dependencies = (
				DB5FFFDE20C1EC88008A7583 /* PBXTargetDependency */,
			);
			name = "RHS-APPUITests";
			productName = "RHS-APPUITests";
			productReference = DB5FFFDC20C1EC88008A7583 /* RHS-APPUITests.xctest */;
			productType = "com.apple.product-type.bundle.ui-testing";
		};
/* End PBXNativeTarget section */

/* Begin PBXProject section */
		DB5FFFB520C1EC87008A7583 /* Project object */ = {
			isa = PBXProject;
			attributes = {
				LastSwiftUpdateCheck = 0940;
				LastUpgradeCheck = 0940;
				ORGANIZATIONNAME = "RHS CCPGlobal Interns";
				TargetAttributes = {
					DB5FFFBC20C1EC87008A7583 = {
						CreatedOnToolsVersion = 9.4;
					};
					DB5FFFD020C1EC88008A7583 = {
						CreatedOnToolsVersion = 9.4;
						TestTargetID = DB5FFFBC20C1EC87008A7583;
					};
					DB5FFFDB20C1EC88008A7583 = {
						CreatedOnToolsVersion = 9.4;
						TestTargetID = DB5FFFBC20C1EC87008A7583;
					};
				};
			};
			buildConfigurationList = DB5FFFB820C1EC87008A7583 /* Build configuration list for PBXProject "RHS-APP" */;
			compatibilityVersion = "Xcode 9.3";
			developmentRegion = en;
			hasScannedForEncodings = 0;
			knownRegions = (
				en,
				Base,
			);
			mainGroup = DB5FFFB420C1EC87008A7583;
			productRefGroup = DB5FFFBE20C1EC87008A7583 /* Products */;
			projectDirPath = "";
			projectRoot = "";
			targets = (
				DB5FFFBC20C1EC87008A7583 /* RHS-APP */,
				DB5FFFD020C1EC88008A7583 /* RHS-APPTests */,
				DB5FFFDB20C1EC88008A7583 /* RHS-APPUITests */,
			);
		};
/* End PBXProject section */

/* Begin PBXResourcesBuildPhase section */
		DB5FFFBB20C1EC87008A7583 /* Resources */ = {
			isa = PBXResourcesBuildPhase;
			buildActionMask = 2147483647;
			files = (
				DB5FFFCB20C1EC88008A7583 /* LaunchScreen.storyboard in Resources */,
				DB5FFFC820C1EC88008A7583 /* Assets.xcassets in Resources */,
				DB5FFFC620C1EC87008A7583 /* Main.storyboard in Resources */,
			);
			runOnlyForDeploymentPostprocessing = 0;
		};
		DB5FFFCF20C1EC88008A7583 /* Resources */ = {
			isa = PBXResourcesBuildPhase;
			buildActionMask = 2147483647;
			files = (
				DB3ECE7E20C5BA340035CAFA /* Assets.xcassets in Resources */,
			);
			runOnlyForDeploymentPostprocessing = 0;
		};
		DB5FFFDA20C1EC88008A7583 /* Resources */ = {
			isa = PBXResourcesBuildPhase;
			buildActionMask = 2147483647;
			files = (
				DB3ECE7F20C5BA340035CAFA /* Assets.xcassets in Resources */,
			);
			runOnlyForDeploymentPostprocessing = 0;
		};
/* End PBXResourcesBuildPhase section */

/* Begin PBXShellScriptBuildPhase section */
		1A6A0B79423820DE424CF4C2 /* [CP] Check Pods Manifest.lock */ = {
			isa = PBXShellScriptBuildPhase;
			buildActionMask = 2147483647;
			files = (
			);
			inputPaths = (
				"${PODS_PODFILE_DIR_PATH}/Podfile.lock",
				"${PODS_ROOT}/Manifest.lock",
			);
			name = "[CP] Check Pods Manifest.lock";
			outputPaths = (
				"$(DERIVED_FILE_DIR)/Pods-RHS-APP-checkManifestLockResult.txt",
			);
			runOnlyForDeploymentPostprocessing = 0;
			shellPath = /bin/sh;
			shellScript = "diff \"${PODS_PODFILE_DIR_PATH}/Podfile.lock\" \"${PODS_ROOT}/Manifest.lock\" > /dev/null\nif [ $? != 0 ] ; then\n    # print error to STDERR\n    echo \"error: The sandbox is not in sync with the Podfile.lock. Run 'pod install' or update your CocoaPods installation.\" >&2\n    exit 1\nfi\n# This output is used by Xcode 'outputs' to avoid re-running this script phase.\necho \"SUCCESS\" > \"${SCRIPT_OUTPUT_FILE_0}\"\n";
			showEnvVarsInLog = 0;
		};
		343956B919AF92CA92FF92C1 /* [CP] Check Pods Manifest.lock */ = {
			isa = PBXShellScriptBuildPhase;
			buildActionMask = 2147483647;
			files = (
			);
			inputPaths = (
				"${PODS_PODFILE_DIR_PATH}/Podfile.lock",
				"${PODS_ROOT}/Manifest.lock",
			);
			name = "[CP] Check Pods Manifest.lock";
			outputPaths = (
				"$(DERIVED_FILE_DIR)/Pods-RHS-APPTests-checkManifestLockResult.txt",
			);
			runOnlyForDeploymentPostprocessing = 0;
			shellPath = /bin/sh;
			shellScript = "diff \"${PODS_PODFILE_DIR_PATH}/Podfile.lock\" \"${PODS_ROOT}/Manifest.lock\" > /dev/null\nif [ $? != 0 ] ; then\n    # print error to STDERR\n    echo \"error: The sandbox is not in sync with the Podfile.lock. Run 'pod install' or update your CocoaPods installation.\" >&2\n    exit 1\nfi\n# This output is used by Xcode 'outputs' to avoid re-running this script phase.\necho \"SUCCESS\" > \"${SCRIPT_OUTPUT_FILE_0}\"\n";
			showEnvVarsInLog = 0;
		};
		A4B7A6EA37E859EDCCDD69F0 /* [CP] Check Pods Manifest.lock */ = {
			isa = PBXShellScriptBuildPhase;
			buildActionMask = 2147483647;
			files = (
			);
			inputPaths = (
				"${PODS_PODFILE_DIR_PATH}/Podfile.lock",
				"${PODS_ROOT}/Manifest.lock",
			);
			name = "[CP] Check Pods Manifest.lock";
			outputPaths = (
				"$(DERIVED_FILE_DIR)/Pods-RHS-APPUITests-checkManifestLockResult.txt",
			);
			runOnlyForDeploymentPostprocessing = 0;
			shellPath = /bin/sh;
			shellScript = "diff \"${PODS_PODFILE_DIR_PATH}/Podfile.lock\" \"${PODS_ROOT}/Manifest.lock\" > /dev/null\nif [ $? != 0 ] ; then\n    # print error to STDERR\n    echo \"error: The sandbox is not in sync with the Podfile.lock. Run 'pod install' or update your CocoaPods installation.\" >&2\n    exit 1\nfi\n# This output is used by Xcode 'outputs' to avoid re-running this script phase.\necho \"SUCCESS\" > \"${SCRIPT_OUTPUT_FILE_0}\"\n";
			showEnvVarsInLog = 0;
		};
		F625C60BAA8B04110226B615 /* [CP] Embed Pods Frameworks */ = {
			isa = PBXShellScriptBuildPhase;
			buildActionMask = 2147483647;
			files = (
			);
			inputPaths = (
				"${SRCROOT}/Pods/Target Support Files/Pods-RHS-APP/Pods-RHS-APP-frameworks.sh",
				"${BUILT_PRODUCTS_DIR}/SideMenu/SideMenu.framework",
			);
			name = "[CP] Embed Pods Frameworks";
			outputPaths = (
				"${TARGET_BUILD_DIR}/${FRAMEWORKS_FOLDER_PATH}/SideMenu.framework",
			);
			runOnlyForDeploymentPostprocessing = 0;
			shellPath = /bin/sh;
			shellScript = "\"${SRCROOT}/Pods/Target Support Files/Pods-RHS-APP/Pods-RHS-APP-frameworks.sh\"\n";
			showEnvVarsInLog = 0;
		};
/* End PBXShellScriptBuildPhase section */

/* Begin PBXSourcesBuildPhase section */
		DB5FFFB920C1EC87008A7583 /* Sources */ = {
			isa = PBXSourcesBuildPhase;
			buildActionMask = 2147483647;
			files = (
				DB5FFFC320C1EC87008A7583 /* ViewController.swift in Sources */,
				DB5FFFC120C1EC87008A7583 /* AppDelegate.swift in Sources */,
			);
			runOnlyForDeploymentPostprocessing = 0;
		};
		DB5FFFCD20C1EC88008A7583 /* Sources */ = {
			isa = PBXSourcesBuildPhase;
			buildActionMask = 2147483647;
			files = (
				DB5FFFD620C1EC88008A7583 /* RHS_APPTests.swift in Sources */,
			);
			runOnlyForDeploymentPostprocessing = 0;
		};
		DB5FFFD820C1EC88008A7583 /* Sources */ = {
			isa = PBXSourcesBuildPhase;
			buildActionMask = 2147483647;
			files = (
				DB5FFFE120C1EC88008A7583 /* RHS_APPUITests.swift in Sources */,
			);
			runOnlyForDeploymentPostprocessing = 0;
		};
/* End PBXSourcesBuildPhase section */

/* Begin PBXTargetDependency section */
		DB5FFFD320C1EC88008A7583 /* PBXTargetDependency */ = {
			isa = PBXTargetDependency;
			target = DB5FFFBC20C1EC87008A7583 /* RHS-APP */;
			targetProxy = DB5FFFD220C1EC88008A7583 /* PBXContainerItemProxy */;
		};
		DB5FFFDE20C1EC88008A7583 /* PBXTargetDependency */ = {
			isa = PBXTargetDependency;
			target = DB5FFFBC20C1EC87008A7583 /* RHS-APP */;
			targetProxy = DB5FFFDD20C1EC88008A7583 /* PBXContainerItemProxy */;
		};
/* End PBXTargetDependency section */

/* Begin PBXVariantGroup section */
		DB5FFFC420C1EC87008A7583 /* Main.storyboard */ = {
			isa = PBXVariantGroup;
			children = (
				DB5FFFC520C1EC87008A7583 /* Base */,
			);
			name = Main.storyboard;
			sourceTree = "<group>";
		};
		DB5FFFC920C1EC88008A7583 /* LaunchScreen.storyboard */ = {
			isa = PBXVariantGroup;
			children = (
				DB5FFFCA20C1EC88008A7583 /* Base */,
			);
			name = LaunchScreen.storyboard;
			sourceTree = "<group>";
		};
/* End PBXVariantGroup section */

/* Begin XCBuildConfiguration section */
		DB5FFFE320C1EC88008A7583 /* Debug */ = {
			isa = XCBuildConfiguration;
			buildSettings = {
				ALWAYS_SEARCH_USER_PATHS = NO;
				CLANG_ANALYZER_NONNULL = YES;
				CLANG_ANALYZER_NUMBER_OBJECT_CONVERSION = YES_AGGRESSIVE;
				CLANG_CXX_LANGUAGE_STANDARD = "gnu++14";
				CLANG_CXX_LIBRARY = "libc++";
				CLANG_ENABLE_MODULES = YES;
				CLANG_ENABLE_OBJC_ARC = YES;
				CLANG_ENABLE_OBJC_WEAK = YES;
				CLANG_WARN_BLOCK_CAPTURE_AUTORELEASING = YES;
				CLANG_WARN_BOOL_CONVERSION = YES;
				CLANG_WARN_COMMA = YES;
				CLANG_WARN_CONSTANT_CONVERSION = YES;
				CLANG_WARN_DEPRECATED_OBJC_IMPLEMENTATIONS = YES;
				CLANG_WARN_DIRECT_OBJC_ISA_USAGE = YES_ERROR;
				CLANG_WARN_DOCUMENTATION_COMMENTS = YES;
				CLANG_WARN_EMPTY_BODY = YES;
				CLANG_WARN_ENUM_CONVERSION = YES;
				CLANG_WARN_INFINITE_RECURSION = YES;
				CLANG_WARN_INT_CONVERSION = YES;
				CLANG_WARN_NON_LITERAL_NULL_CONVERSION = YES;
				CLANG_WARN_OBJC_IMPLICIT_RETAIN_SELF = YES;
				CLANG_WARN_OBJC_LITERAL_CONVERSION = YES;
				CLANG_WARN_OBJC_ROOT_CLASS = YES_ERROR;
				CLANG_WARN_RANGE_LOOP_ANALYSIS = YES;
				CLANG_WARN_STRICT_PROTOTYPES = YES;
				CLANG_WARN_SUSPICIOUS_MOVE = YES;
				CLANG_WARN_UNGUARDED_AVAILABILITY = YES_AGGRESSIVE;
				CLANG_WARN_UNREACHABLE_CODE = YES;
				CLANG_WARN__DUPLICATE_METHOD_MATCH = YES;
				CODE_SIGN_IDENTITY = "iPhone Developer";
				COPY_PHASE_STRIP = NO;
				DEBUG_INFORMATION_FORMAT = dwarf;
				ENABLE_STRICT_OBJC_MSGSEND = YES;
				ENABLE_TESTABILITY = YES;
				GCC_C_LANGUAGE_STANDARD = gnu11;
				GCC_DYNAMIC_NO_PIC = NO;
				GCC_NO_COMMON_BLOCKS = YES;
				GCC_OPTIMIZATION_LEVEL = 0;
				GCC_PREPROCESSOR_DEFINITIONS = (
					"DEBUG=1",
					"$(inherited)",
				);
				GCC_WARN_64_TO_32_BIT_CONVERSION = YES;
				GCC_WARN_ABOUT_RETURN_TYPE = YES_ERROR;
				GCC_WARN_UNDECLARED_SELECTOR = YES;
				GCC_WARN_UNINITIALIZED_AUTOS = YES_AGGRESSIVE;
				GCC_WARN_UNUSED_FUNCTION = YES;
				GCC_WARN_UNUSED_VARIABLE = YES;
				IPHONEOS_DEPLOYMENT_TARGET = 11.4;
				MTL_ENABLE_DEBUG_INFO = YES;
				ONLY_ACTIVE_ARCH = YES;
				SDKROOT = iphoneos;
				SWIFT_ACTIVE_COMPILATION_CONDITIONS = DEBUG;
				SWIFT_OPTIMIZATION_LEVEL = "-Onone";
			};
			name = Debug;
		};
		DB5FFFE420C1EC88008A7583 /* Release */ = {
			isa = XCBuildConfiguration;
			buildSettings = {
				ALWAYS_SEARCH_USER_PATHS = NO;
				CLANG_ANALYZER_NONNULL = YES;
				CLANG_ANALYZER_NUMBER_OBJECT_CONVERSION = YES_AGGRESSIVE;
				CLANG_CXX_LANGUAGE_STANDARD = "gnu++14";
				CLANG_CXX_LIBRARY = "libc++";
				CLANG_ENABLE_MODULES = YES;
				CLANG_ENABLE_OBJC_ARC = YES;
				CLANG_ENABLE_OBJC_WEAK = YES;
				CLANG_WARN_BLOCK_CAPTURE_AUTORELEASING = YES;
				CLANG_WARN_BOOL_CONVERSION = YES;
				CLANG_WARN_COMMA = YES;
				CLANG_WARN_CONSTANT_CONVERSION = YES;
				CLANG_WARN_DEPRECATED_OBJC_IMPLEMENTATIONS = YES;
				CLANG_WARN_DIRECT_OBJC_ISA_USAGE = YES_ERROR;
				CLANG_WARN_DOCUMENTATION_COMMENTS = YES;
				CLANG_WARN_EMPTY_BODY = YES;
				CLANG_WARN_ENUM_CONVERSION = YES;
				CLANG_WARN_INFINITE_RECURSION = YES;
				CLANG_WARN_INT_CONVERSION = YES;
				CLANG_WARN_NON_LITERAL_NULL_CONVERSION = YES;
				CLANG_WARN_OBJC_IMPLICIT_RETAIN_SELF = YES;
				CLANG_WARN_OBJC_LITERAL_CONVERSION = YES;
				CLANG_WARN_OBJC_ROOT_CLASS = YES_ERROR;
				CLANG_WARN_RANGE_LOOP_ANALYSIS = YES;
				CLANG_WARN_STRICT_PROTOTYPES = YES;
				CLANG_WARN_SUSPICIOUS_MOVE = YES;
				CLANG_WARN_UNGUARDED_AVAILABILITY = YES_AGGRESSIVE;
				CLANG_WARN_UNREACHABLE_CODE = YES;
				CLANG_WARN__DUPLICATE_METHOD_MATCH = YES;
				CODE_SIGN_IDENTITY = "iPhone Developer";
				COPY_PHASE_STRIP = NO;
				DEBUG_INFORMATION_FORMAT = "dwarf-with-dsym";
				ENABLE_NS_ASSERTIONS = NO;
				ENABLE_STRICT_OBJC_MSGSEND = YES;
				GCC_C_LANGUAGE_STANDARD = gnu11;
				GCC_NO_COMMON_BLOCKS = YES;
				GCC_WARN_64_TO_32_BIT_CONVERSION = YES;
				GCC_WARN_ABOUT_RETURN_TYPE = YES_ERROR;
				GCC_WARN_UNDECLARED_SELECTOR = YES;
				GCC_WARN_UNINITIALIZED_AUTOS = YES_AGGRESSIVE;
				GCC_WARN_UNUSED_FUNCTION = YES;
				GCC_WARN_UNUSED_VARIABLE = YES;
				IPHONEOS_DEPLOYMENT_TARGET = 11.4;
				MTL_ENABLE_DEBUG_INFO = NO;
				SDKROOT = iphoneos;
				SWIFT_COMPILATION_MODE = wholemodule;
				SWIFT_OPTIMIZATION_LEVEL = "-O";
				VALIDATE_PRODUCT = YES;
			};
			name = Release;
		};
		DB5FFFE620C1EC88008A7583 /* Debug */ = {
			isa = XCBuildConfiguration;
			baseConfigurationReference = D6487833CB8BE6A4182CEC34 /* Pods-RHS-APP.debug.xcconfig */;
			buildSettings = {
				ASSETCATALOG_COMPILER_APPICON_NAME = AppIcon;
				CODE_SIGN_STYLE = Automatic;
				DEVELOPMENT_TEAM = HHNY8VNK5A;
				INFOPLIST_FILE = "RHS-APP/Info.plist";
				LD_RUNPATH_SEARCH_PATHS = (
					"$(inherited)",
					"@executable_path/Frameworks",
				);
				PRODUCT_BUNDLE_IDENTIFIER = "RHS-INTERN.RHS-APP";
				PRODUCT_NAME = "$(TARGET_NAME)";
				SWIFT_VERSION = 4.0;
				TARGETED_DEVICE_FAMILY = "1,2";
			};
			name = Debug;
		};
		DB5FFFE720C1EC88008A7583 /* Release */ = {
			isa = XCBuildConfiguration;
			baseConfigurationReference = 54D0B590CEF2EFC782563A44 /* Pods-RHS-APP.release.xcconfig */;
			buildSettings = {
				ASSETCATALOG_COMPILER_APPICON_NAME = AppIcon;
				CODE_SIGN_STYLE = Automatic;
				DEVELOPMENT_TEAM = HHNY8VNK5A;
				INFOPLIST_FILE = "RHS-APP/Info.plist";
				LD_RUNPATH_SEARCH_PATHS = (
					"$(inherited)",
					"@executable_path/Frameworks",
				);
				PRODUCT_BUNDLE_IDENTIFIER = "RHS-INTERN.RHS-APP";
				PRODUCT_NAME = "$(TARGET_NAME)";
				SWIFT_VERSION = 4.0;
				TARGETED_DEVICE_FAMILY = "1,2";
			};
			name = Release;
		};
		DB5FFFE920C1EC88008A7583 /* Debug */ = {
			isa = XCBuildConfiguration;
			baseConfigurationReference = 1FCA443EB79FA72C2D274AD8 /* Pods-RHS-APPTests.debug.xcconfig */;
			buildSettings = {
				ALWAYS_EMBED_SWIFT_STANDARD_LIBRARIES = YES;
				BUNDLE_LOADER = "$(TEST_HOST)";
				CODE_SIGN_STYLE = Automatic;
				DEVELOPMENT_TEAM = HHNY8VNK5A;
				INFOPLIST_FILE = "RHS-APPTests/Info.plist";
				LD_RUNPATH_SEARCH_PATHS = (
					"$(inherited)",
					"@executable_path/Frameworks",
					"@loader_path/Frameworks",
				);
				PRODUCT_BUNDLE_IDENTIFIER = "RHS-INTERN.RHS-APPTests";
				PRODUCT_NAME = "$(TARGET_NAME)";
				SWIFT_VERSION = 4.0;
				TARGETED_DEVICE_FAMILY = "1,2";
				TEST_HOST = "$(BUILT_PRODUCTS_DIR)/RHS-APP.app/RHS-APP";
			};
			name = Debug;
		};
		DB5FFFEA20C1EC88008A7583 /* Release */ = {
			isa = XCBuildConfiguration;
			baseConfigurationReference = CFD98623FC6B6B09E64E3A8F /* Pods-RHS-APPTests.release.xcconfig */;
			buildSettings = {
				ALWAYS_EMBED_SWIFT_STANDARD_LIBRARIES = YES;
				BUNDLE_LOADER = "$(TEST_HOST)";
				CODE_SIGN_STYLE = Automatic;
				DEVELOPMENT_TEAM = HHNY8VNK5A;
				INFOPLIST_FILE = "RHS-APPTests/Info.plist";
				LD_RUNPATH_SEARCH_PATHS = (
					"$(inherited)",
					"@executable_path/Frameworks",
					"@loader_path/Frameworks",
				);
				PRODUCT_BUNDLE_IDENTIFIER = "RHS-INTERN.RHS-APPTests";
				PRODUCT_NAME = "$(TARGET_NAME)";
				SWIFT_VERSION = 4.0;
				TARGETED_DEVICE_FAMILY = "1,2";
				TEST_HOST = "$(BUILT_PRODUCTS_DIR)/RHS-APP.app/RHS-APP";
			};
			name = Release;
		};
		DB5FFFEC20C1EC88008A7583 /* Debug */ = {
			isa = XCBuildConfiguration;
			baseConfigurationReference = 58F30F7DC509E95FEA83D685 /* Pods-RHS-APPUITests.debug.xcconfig */;
			buildSettings = {
				ALWAYS_EMBED_SWIFT_STANDARD_LIBRARIES = YES;
				CODE_SIGN_STYLE = Automatic;
				DEVELOPMENT_TEAM = HHNY8VNK5A;
				INFOPLIST_FILE = "RHS-APPUITests/Info.plist";
				LD_RUNPATH_SEARCH_PATHS = (
					"$(inherited)",
					"@executable_path/Frameworks",
					"@loader_path/Frameworks",
				);
				PRODUCT_BUNDLE_IDENTIFIER = "RHS-INTERN.RHS-APPUITests";
				PRODUCT_NAME = "$(TARGET_NAME)";
				SWIFT_VERSION = 4.0;
				TARGETED_DEVICE_FAMILY = "1,2";
				TEST_TARGET_NAME = "RHS-APP";
			};
			name = Debug;
		};
		DB5FFFED20C1EC88008A7583 /* Release */ = {
			isa = XCBuildConfiguration;
			baseConfigurationReference = A1EE0C232B041CAEA7BA2F1C /* Pods-RHS-APPUITests.release.xcconfig */;
			buildSettings = {
				ALWAYS_EMBED_SWIFT_STANDARD_LIBRARIES = YES;
				CODE_SIGN_STYLE = Automatic;
				DEVELOPMENT_TEAM = HHNY8VNK5A;
				INFOPLIST_FILE = "RHS-APPUITests/Info.plist";
				LD_RUNPATH_SEARCH_PATHS = (
					"$(inherited)",
					"@executable_path/Frameworks",
					"@loader_path/Frameworks",
				);
				PRODUCT_BUNDLE_IDENTIFIER = "RHS-INTERN.RHS-APPUITests";
				PRODUCT_NAME = "$(TARGET_NAME)";
				SWIFT_VERSION = 4.0;
				TARGETED_DEVICE_FAMILY = "1,2";
				TEST_TARGET_NAME = "RHS-APP";
			};
			name = Release;
		};
/* End XCBuildConfiguration section */

/* Begin XCConfigurationList section */
		DB5FFFB820C1EC87008A7583 /* Build configuration list for PBXProject "RHS-APP" */ = {
			isa = XCConfigurationList;
			buildConfigurations = (
				DB5FFFE320C1EC88008A7583 /* Debug */,
				DB5FFFE420C1EC88008A7583 /* Release */,
			);
			defaultConfigurationIsVisible = 0;
			defaultConfigurationName = Release;
		};
		DB5FFFE520C1EC88008A7583 /* Build configuration list for PBXNativeTarget "RHS-APP" */ = {
			isa = XCConfigurationList;
			buildConfigurations = (
				DB5FFFE620C1EC88008A7583 /* Debug */,
				DB5FFFE720C1EC88008A7583 /* Release */,
			);
			defaultConfigurationIsVisible = 0;
			defaultConfigurationName = Release;
		};
		DB5FFFE820C1EC88008A7583 /* Build configuration list for PBXNativeTarget "RHS-APPTests" */ = {
			isa = XCConfigurationList;
			buildConfigurations = (
				DB5FFFE920C1EC88008A7583 /* Debug */,
				DB5FFFEA20C1EC88008A7583 /* Release */,
			);
			defaultConfigurationIsVisible = 0;
			defaultConfigurationName = Release;
		};
		DB5FFFEB20C1EC88008A7583 /* Build configuration list for PBXNativeTarget "RHS-APPUITests" */ = {
			isa = XCConfigurationList;
			buildConfigurations = (
				DB5FFFEC20C1EC88008A7583 /* Debug */,
				DB5FFFED20C1EC88008A7583 /* Release */,
			);
			defaultConfigurationIsVisible = 0;
			defaultConfigurationName = Release;
		};
/* End XCConfigurationList section */
	};
	rootObject = DB5FFFB520C1EC87008A7583 /* Project object */;
}
